// !$*UTF8*$!
{
	archiveVersion = 1;
	classes = {
	};
	objectVersion = 46;
	objects = {

/* Begin PBXBuildFile section */
		D25FFF621A100A3500724D75 /* Launch Screen.xib in Resources */ = {isa = PBXBuildFile; fileRef = D25FFF611A100A3500724D75 /* Launch Screen.xib */; };
		F993E64319CAA41500DA9FC3 /* AlarmManager.m in Sources */ = {isa = PBXBuildFile; fileRef = F993E64219CAA41500DA9FC3 /* AlarmManager.m */; };
		F993E64619CB78F900DA9FC3 /* TimeSelectViewController.m in Sources */ = {isa = PBXBuildFile; fileRef = F993E64519CB78F900DA9FC3 /* TimeSelectViewController.m */; };
		F999074619CA841900746639 /* main.m in Sources */ = {isa = PBXBuildFile; fileRef = F999074519CA841900746639 /* main.m */; };
		F999074919CA841900746639 /* AppDelegate.m in Sources */ = {isa = PBXBuildFile; fileRef = F999074819CA841900746639 /* AppDelegate.m */; };
		F999074F19CA841900746639 /* Main.storyboard in Resources */ = {isa = PBXBuildFile; fileRef = F999074D19CA841900746639 /* Main.storyboard */; };
		F999075119CA841900746639 /* Images.xcassets in Resources */ = {isa = PBXBuildFile; fileRef = F999075019CA841900746639 /* Images.xcassets */; };
		F999075D19CA841900746639 /* SnoozecontrolTests.m in Sources */ = {isa = PBXBuildFile; fileRef = F999075C19CA841900746639 /* SnoozecontrolTests.m */; };
		F999076B19CA8F8600746639 /* SnoozeSetViewController.m in Sources */ = {isa = PBXBuildFile; fileRef = F999076A19CA8F8600746639 /* SnoozeSetViewController.m */; };
		F999076E19CA919C00746639 /* Alarm.m in Sources */ = {isa = PBXBuildFile; fileRef = F999076D19CA919C00746639 /* Alarm.m */; };
		F9DC0D651A1304C60007AAEC /* base.wav in Resources */ = {isa = PBXBuildFile; fileRef = F9DC0D641A1304C60007AAEC /* base.wav */; };
		F9F0AF8B19EB70B5002B7318 /* AlarmingViewController.m in Sources */ = {isa = PBXBuildFile; fileRef = F9F0AF8A19EB70B5002B7318 /* AlarmingViewController.m */; };
		F9F0AF8D19F3682A002B7318 /* foghorn.wav in Resources */ = {isa = PBXBuildFile; fileRef = F9F0AF8C19F3682A002B7318 /* foghorn.wav */; };
		F9F0AF8F19F37258002B7318 /* Foundation.framework in Frameworks */ = {isa = PBXBuildFile; fileRef = F9F0AF8E19F37258002B7318 /* Foundation.framework */; };
/* End PBXBuildFile section */

/* Begin PBXContainerItemProxy section */
		F999075719CA841900746639 /* PBXContainerItemProxy */ = {
			isa = PBXContainerItemProxy;
			containerPortal = F999073819CA841900746639 /* Project object */;
			proxyType = 1;
			remoteGlobalIDString = F999073F19CA841900746639;
			remoteInfo = Snoozecontrol;
		};
/* End PBXContainerItemProxy section */

/* Begin PBXFileReference section */
		D25FFF611A100A3500724D75 /* Launch Screen.xib */ = {isa = PBXFileReference; fileEncoding = 4; lastKnownFileType = file.xib; path = "Launch Screen.xib"; sourceTree = "<group>"; };
		F993E64119CAA41500DA9FC3 /* AlarmManager.h */ = {isa = PBXFileReference; fileEncoding = 4; lastKnownFileType = sourcecode.c.h; name = AlarmManager.h; path = Controller/AlarmManager.h; sourceTree = "<group>"; };
		F993E64219CAA41500DA9FC3 /* AlarmManager.m */ = {isa = PBXFileReference; fileEncoding = 4; lastKnownFileType = sourcecode.c.objc; name = AlarmManager.m; path = Controller/AlarmManager.m; sourceTree = "<group>"; };
		F993E64419CB78F900DA9FC3 /* TimeSelectViewController.h */ = {isa = PBXFileReference; fileEncoding = 4; lastKnownFileType = sourcecode.c.h; path = TimeSelectViewController.h; sourceTree = "<group>"; };
		F993E64519CB78F900DA9FC3 /* TimeSelectViewController.m */ = {isa = PBXFileReference; fileEncoding = 4; lastKnownFileType = sourcecode.c.objc; path = TimeSelectViewController.m; sourceTree = "<group>"; };
		F999074019CA841900746639 /* Snoozecontrol.app */ = {isa = PBXFileReference; explicitFileType = wrapper.application; includeInIndex = 0; path = Snoozecontrol.app; sourceTree = BUILT_PRODUCTS_DIR; };
		F999074419CA841900746639 /* Info.plist */ = {isa = PBXFileReference; lastKnownFileType = text.plist.xml; path = Info.plist; sourceTree = "<group>"; };
		F999074519CA841900746639 /* main.m */ = {isa = PBXFileReference; lastKnownFileType = sourcecode.c.objc; path = main.m; sourceTree = "<group>"; };
		F999074719CA841900746639 /* AppDelegate.h */ = {isa = PBXFileReference; lastKnownFileType = sourcecode.c.h; path = AppDelegate.h; sourceTree = "<group>"; };
		F999074819CA841900746639 /* AppDelegate.m */ = {isa = PBXFileReference; lastKnownFileType = sourcecode.c.objc; path = AppDelegate.m; sourceTree = "<group>"; };
		F999074E19CA841900746639 /* Base */ = {isa = PBXFileReference; lastKnownFileType = file.storyboard; name = Base; path = Base.lproj/Main.storyboard; sourceTree = "<group>"; };
		F999075019CA841900746639 /* Images.xcassets */ = {isa = PBXFileReference; lastKnownFileType = folder.assetcatalog; path = Images.xcassets; sourceTree = "<group>"; };
		F999075619CA841900746639 /* SnoozecontrolTests.xctest */ = {isa = PBXFileReference; explicitFileType = wrapper.cfbundle; includeInIndex = 0; path = SnoozecontrolTests.xctest; sourceTree = BUILT_PRODUCTS_DIR; };
		F999075B19CA841900746639 /* Info.plist */ = {isa = PBXFileReference; lastKnownFileType = text.plist.xml; path = Info.plist; sourceTree = "<group>"; };
		F999075C19CA841900746639 /* SnoozecontrolTests.m */ = {isa = PBXFileReference; lastKnownFileType = sourcecode.c.objc; path = SnoozecontrolTests.m; sourceTree = "<group>"; };
		F999076919CA8F8600746639 /* SnoozeSetViewController.h */ = {isa = PBXFileReference; fileEncoding = 4; lastKnownFileType = sourcecode.c.h; name = SnoozeSetViewController.h; path = Controller/SnoozeSetViewController.h; sourceTree = "<group>"; };
		F999076A19CA8F8600746639 /* SnoozeSetViewController.m */ = {isa = PBXFileReference; fileEncoding = 4; lastKnownFileType = sourcecode.c.objc; name = SnoozeSetViewController.m; path = Controller/SnoozeSetViewController.m; sourceTree = "<group>"; };
		F999076C19CA919C00746639 /* Alarm.h */ = {isa = PBXFileReference; fileEncoding = 4; lastKnownFileType = sourcecode.c.h; path = Alarm.h; sourceTree = "<group>"; };
		F999076D19CA919C00746639 /* Alarm.m */ = {isa = PBXFileReference; fileEncoding = 4; lastKnownFileType = sourcecode.c.objc; path = Alarm.m; sourceTree = "<group>"; };
		F9DC0D641A1304C60007AAEC /* base.wav */ = {isa = PBXFileReference; lastKnownFileType = audio.wav; path = base.wav; sourceTree = "<group>"; };
		F9F0AF8919EB70B5002B7318 /* AlarmingViewController.h */ = {isa = PBXFileReference; fileEncoding = 4; lastKnownFileType = sourcecode.c.h; name = AlarmingViewController.h; path = Controller/AlarmingViewController.h; sourceTree = "<group>"; };
		F9F0AF8A19EB70B5002B7318 /* AlarmingViewController.m */ = {isa = PBXFileReference; fileEncoding = 4; lastKnownFileType = sourcecode.c.objc; name = AlarmingViewController.m; path = Controller/AlarmingViewController.m; sourceTree = "<group>"; };
		F9F0AF8C19F3682A002B7318 /* foghorn.wav */ = {isa = PBXFileReference; lastKnownFileType = audio.wav; path = foghorn.wav; sourceTree = "<group>"; };
		F9F0AF8E19F37258002B7318 /* Foundation.framework */ = {isa = PBXFileReference; lastKnownFileType = wrapper.framework; name = Foundation.framework; path = System/Library/Frameworks/Foundation.framework; sourceTree = SDKROOT; };
/* End PBXFileReference section */

/* Begin PBXFrameworksBuildPhase section */
		F999073D19CA841900746639 /* Frameworks */ = {
			isa = PBXFrameworksBuildPhase;
			buildActionMask = 2147483647;
			files = (
				F9F0AF8F19F37258002B7318 /* Foundation.framework in Frameworks */,
			);
			runOnlyForDeploymentPostprocessing = 0;
		};
		F999075319CA841900746639 /* Frameworks */ = {
			isa = PBXFrameworksBuildPhase;
			buildActionMask = 2147483647;
			files = (
			);
			runOnlyForDeploymentPostprocessing = 0;
		};
/* End PBXFrameworksBuildPhase section */

/* Begin PBXGroup section */
		F999073719CA841900746639 = {
			isa = PBXGroup;
			children = (
				F9F0AF8E19F37258002B7318 /* Foundation.framework */,
				F999074219CA841900746639 /* Snoozecontrol */,
				F999075919CA841900746639 /* SnoozecontrolTests */,
				F999074119CA841900746639 /* Products */,
			);
			sourceTree = "<group>";
		};
		F999074119CA841900746639 /* Products */ = {
			isa = PBXGroup;
			children = (
				F999074019CA841900746639 /* Snoozecontrol.app */,
				F999075619CA841900746639 /* SnoozecontrolTests.xctest */,
			);
			name = Products;
			sourceTree = "<group>";
		};
		F999074219CA841900746639 /* Snoozecontrol */ = {
			isa = PBXGroup;
			children = (
				F999076819CA8F5D00746639 /* Controller */,
				F999076719CA8F5700746639 /* View */,
				F999076619CA8F5100746639 /* Model */,
				F999074719CA841900746639 /* AppDelegate.h */,
				F999074819CA841900746639 /* AppDelegate.m */,
				F999074D19CA841900746639 /* Main.storyboard */,
				F999075019CA841900746639 /* Images.xcassets */,
				D25FFF611A100A3500724D75 /* Launch Screen.xib */,
				F999074319CA841900746639 /* Supporting Files */,
			);
			path = Snoozecontrol;
			sourceTree = "<group>";
		};
		F999074319CA841900746639 /* Supporting Files */ = {
			isa = PBXGroup;
			children = (
				F9DC0D641A1304C60007AAEC /* base.wav */,
				F9F0AF8C19F3682A002B7318 /* foghorn.wav */,
				F999074419CA841900746639 /* Info.plist */,
				F999074519CA841900746639 /* main.m */,
			);
			name = "Supporting Files";
			sourceTree = "<group>";
		};
		F999075919CA841900746639 /* SnoozecontrolTests */ = {
			isa = PBXGroup;
			children = (
				F999075C19CA841900746639 /* SnoozecontrolTests.m */,
				F999075A19CA841900746639 /* Supporting Files */,
			);
			path = SnoozecontrolTests;
			sourceTree = "<group>";
		};
		F999075A19CA841900746639 /* Supporting Files */ = {
			isa = PBXGroup;
			children = (
				F999075B19CA841900746639 /* Info.plist */,
			);
			name = "Supporting Files";
			sourceTree = "<group>";
		};
		F999076619CA8F5100746639 /* Model */ = {
			isa = PBXGroup;
			children = (
				F999076C19CA919C00746639 /* Alarm.h */,
				F999076D19CA919C00746639 /* Alarm.m */,
			);
			name = Model;
			sourceTree = "<group>";
		};
		F999076719CA8F5700746639 /* View */ = {
			isa = PBXGroup;
			children = (
			);
			name = View;
			sourceTree = "<group>";
		};
		F999076819CA8F5D00746639 /* Controller */ = {
			isa = PBXGroup;
			children = (
				F999076919CA8F8600746639 /* SnoozeSetViewController.h */,
				F999076A19CA8F8600746639 /* SnoozeSetViewController.m */,
				F993E64119CAA41500DA9FC3 /* AlarmManager.h */,
				F993E64219CAA41500DA9FC3 /* AlarmManager.m */,
				F993E64419CB78F900DA9FC3 /* TimeSelectViewController.h */,
				F993E64519CB78F900DA9FC3 /* TimeSelectViewController.m */,
				F9F0AF8919EB70B5002B7318 /* AlarmingViewController.h */,
				F9F0AF8A19EB70B5002B7318 /* AlarmingViewController.m */,
			);
			name = Controller;
			sourceTree = "<group>";
		};
/* End PBXGroup section */

/* Begin PBXNativeTarget section */
		F999073F19CA841900746639 /* Snoozecontrol */ = {
			isa = PBXNativeTarget;
			buildConfigurationList = F999076019CA841900746639 /* Build configuration list for PBXNativeTarget "Snoozecontrol" */;
			buildPhases = (
				F999073C19CA841900746639 /* Sources */,
				F999073D19CA841900746639 /* Frameworks */,
				F999073E19CA841900746639 /* Resources */,
			);
			buildRules = (
			);
			dependencies = (
			);
			name = Snoozecontrol;
			productName = Snoozecontrol;
			productReference = F999074019CA841900746639 /* Snoozecontrol.app */;
			productType = "com.apple.product-type.application";
		};
		F999075519CA841900746639 /* SnoozecontrolTests */ = {
			isa = PBXNativeTarget;
			buildConfigurationList = F999076319CA841900746639 /* Build configuration list for PBXNativeTarget "SnoozecontrolTests" */;
			buildPhases = (
				F999075219CA841900746639 /* Sources */,
				F999075319CA841900746639 /* Frameworks */,
				F999075419CA841900746639 /* Resources */,
			);
			buildRules = (
			);
			dependencies = (
				F999075819CA841900746639 /* PBXTargetDependency */,
			);
			name = SnoozecontrolTests;
			productName = SnoozecontrolTests;
			productReference = F999075619CA841900746639 /* SnoozecontrolTests.xctest */;
			productType = "com.apple.product-type.bundle.unit-test";
		};
/* End PBXNativeTarget section */

/* Begin PBXProject section */
		F999073819CA841900746639 /* Project object */ = {
			isa = PBXProject;
			attributes = {
				LastUpgradeCheck = 0600;
				ORGANIZATIONNAME = Silbertown;
				TargetAttributes = {
					F999073F19CA841900746639 = {
						CreatedOnToolsVersion = 6.0;
						DevelopmentTeam = R9K5UR82LV;
					};
					F999075519CA841900746639 = {
						CreatedOnToolsVersion = 6.0;
						DevelopmentTeam = R9K5UR82LV;
						TestTargetID = F999073F19CA841900746639;
					};
				};
			};
			buildConfigurationList = F999073B19CA841900746639 /* Build configuration list for PBXProject "Snoozecontrol" */;
			compatibilityVersion = "Xcode 3.2";
			developmentRegion = English;
			hasScannedForEncodings = 0;
			knownRegions = (
				en,
				Base,
			);
			mainGroup = F999073719CA841900746639;
			productRefGroup = F999074119CA841900746639 /* Products */;
			projectDirPath = "";
			projectRoot = "";
			targets = (
				F999073F19CA841900746639 /* Snoozecontrol */,
				F999075519CA841900746639 /* SnoozecontrolTests */,
			);
		};
/* End PBXProject section */

/* Begin PBXResourcesBuildPhase section */
		F999073E19CA841900746639 /* Resources */ = {
			isa = PBXResourcesBuildPhase;
			buildActionMask = 2147483647;
			files = (
				F9DC0D651A1304C60007AAEC /* base.wav in Resources */,
				F999074F19CA841900746639 /* Main.storyboard in Resources */,
				D25FFF621A100A3500724D75 /* Launch Screen.xib in Resources */,
				F9F0AF8D19F3682A002B7318 /* foghorn.wav in Resources */,
				F999075119CA841900746639 /* Images.xcassets in Resources */,
			);
			runOnlyForDeploymentPostprocessing = 0;
		};
		F999075419CA841900746639 /* Resources */ = {
			isa = PBXResourcesBuildPhase;
			buildActionMask = 2147483647;
			files = (
			);
			runOnlyForDeploymentPostprocessing = 0;
		};
/* End PBXResourcesBuildPhase section */

/* Begin PBXSourcesBuildPhase section */
		F999073C19CA841900746639 /* Sources */ = {
			isa = PBXSourcesBuildPhase;
			buildActionMask = 2147483647;
			files = (
				F999074919CA841900746639 /* AppDelegate.m in Sources */,
				F999074619CA841900746639 /* main.m in Sources */,
				F993E64319CAA41500DA9FC3 /* AlarmManager.m in Sources */,
				F9F0AF8B19EB70B5002B7318 /* AlarmingViewController.m in Sources */,
				F993E64619CB78F900DA9FC3 /* TimeSelectViewController.m in Sources */,
				F999076B19CA8F8600746639 /* SnoozeSetViewController.m in Sources */,
				F999076E19CA919C00746639 /* Alarm.m in Sources */,
			);
			runOnlyForDeploymentPostprocessing = 0;
		};
		F999075219CA841900746639 /* Sources */ = {
			isa = PBXSourcesBuildPhase;
			buildActionMask = 2147483647;
			files = (
				F999075D19CA841900746639 /* SnoozecontrolTests.m in Sources */,
			);
			runOnlyForDeploymentPostprocessing = 0;
		};
/* End PBXSourcesBuildPhase section */

/* Begin PBXTargetDependency section */
		F999075819CA841900746639 /* PBXTargetDependency */ = {
			isa = PBXTargetDependency;
			target = F999073F19CA841900746639 /* Snoozecontrol */;
			targetProxy = F999075719CA841900746639 /* PBXContainerItemProxy */;
		};
/* End PBXTargetDependency section */

/* Begin PBXVariantGroup section */
		F999074D19CA841900746639 /* Main.storyboard */ = {
			isa = PBXVariantGroup;
			children = (
				F999074E19CA841900746639 /* Base */,
			);
			name = Main.storyboard;
			sourceTree = "<group>";
		};
/* End PBXVariantGroup section */

/* Begin XCBuildConfiguration section */
		F999075E19CA841900746639 /* Debug */ = {
			isa = XCBuildConfiguration;
			buildSettings = {
				ALWAYS_SEARCH_USER_PATHS = NO;
				CLANG_CXX_LANGUAGE_STANDARD = "gnu++0x";
				CLANG_CXX_LIBRARY = "libc++";
				CLANG_ENABLE_MODULES = YES;
				CLANG_ENABLE_OBJC_ARC = YES;
				CLANG_WARN_BOOL_CONVERSION = YES;
				CLANG_WARN_CONSTANT_CONVERSION = YES;
				CLANG_WARN_DIRECT_OBJC_ISA_USAGE = YES_ERROR;
				CLANG_WARN_EMPTY_BODY = YES;
				CLANG_WARN_ENUM_CONVERSION = YES;
				CLANG_WARN_INT_CONVERSION = YES;
				CLANG_WARN_OBJC_ROOT_CLASS = YES_ERROR;
				CLANG_WARN_UNREACHABLE_CODE = YES;
				CLANG_WARN__DUPLICATE_METHOD_MATCH = YES;
				"CODE_SIGN_IDENTITY[sdk=iphoneos*]" = "iPhone Developer";
				COPY_PHASE_STRIP = NO;
				ENABLE_STRICT_OBJC_MSGSEND = YES;
				GCC_C_LANGUAGE_STANDARD = gnu99;
				GCC_DYNAMIC_NO_PIC = NO;
				GCC_OPTIMIZATION_LEVEL = 0;
				GCC_PREPROCESSOR_DEFINITIONS = (
					"DEBUG=1",
					"$(inherited)",
				);
				GCC_SYMBOLS_PRIVATE_EXTERN = NO;
				GCC_WARN_64_TO_32_BIT_CONVERSION = YES;
				GCC_WARN_ABOUT_RETURN_TYPE = YES_ERROR;
				GCC_WARN_UNDECLARED_SELECTOR = YES;
				GCC_WARN_UNINITIALIZED_AUTOS = YES_AGGRESSIVE;
				GCC_WARN_UNUSED_FUNCTION = YES;
				GCC_WARN_UNUSED_VARIABLE = YES;
				IPHONEOS_DEPLOYMENT_TARGET = 8.0;
				MTL_ENABLE_DEBUG_INFO = YES;
				ONLY_ACTIVE_ARCH = YES;
				SDKROOT = iphoneos;
			};
			name = Debug;
		};
		F999075F19CA841900746639 /* Release */ = {
			isa = XCBuildConfiguration;
			buildSettings = {
				ALWAYS_SEARCH_USER_PATHS = NO;
				CLANG_CXX_LANGUAGE_STANDARD = "gnu++0x";
				CLANG_CXX_LIBRARY = "libc++";
				CLANG_ENABLE_MODULES = YES;
				CLANG_ENABLE_OBJC_ARC = YES;
				CLANG_WARN_BOOL_CONVERSION = YES;
				CLANG_WARN_CONSTANT_CONVERSION = YES;
				CLANG_WARN_DIRECT_OBJC_ISA_USAGE = YES_ERROR;
				CLANG_WARN_EMPTY_BODY = YES;
				CLANG_WARN_ENUM_CONVERSION = YES;
				CLANG_WARN_INT_CONVERSION = YES;
				CLANG_WARN_OBJC_ROOT_CLASS = YES_ERROR;
				CLANG_WARN_UNREACHABLE_CODE = YES;
				CLANG_WARN__DUPLICATE_METHOD_MATCH = YES;
				"CODE_SIGN_IDENTITY[sdk=iphoneos*]" = "iPhone Developer";
				COPY_PHASE_STRIP = YES;
				ENABLE_NS_ASSERTIONS = NO;
				ENABLE_STRICT_OBJC_MSGSEND = YES;
				GCC_C_LANGUAGE_STANDARD = gnu99;
				GCC_WARN_64_TO_32_BIT_CONVERSION = YES;
				GCC_WARN_ABOUT_RETURN_TYPE = YES_ERROR;
				GCC_WARN_UNDECLARED_SELECTOR = YES;
				GCC_WARN_UNINITIALIZED_AUTOS = YES_AGGRESSIVE;
				GCC_WARN_UNUSED_FUNCTION = YES;
				GCC_WARN_UNUSED_VARIABLE = YES;
				IPHONEOS_DEPLOYMENT_TARGET = 8.0;
				MTL_ENABLE_DEBUG_INFO = NO;
				SDKROOT = iphoneos;
				VALIDATE_PRODUCT = YES;
			};
			name = Release;
		};
		F999076119CA841900746639 /* Debug */ = {
			isa = XCBuildConfiguration;
			buildSettings = {
				ASSETCATALOG_COMPILER_APPICON_NAME = AppIcon;
				ASSETCATALOG_COMPILER_LAUNCHIMAGE_NAME = LaunchImage;
				CODE_SIGN_IDENTITY = "iPhone Developer";
				"CODE_SIGN_IDENTITY[sdk=iphoneos*]" = "iPhone Developer";
				INFOPLIST_FILE = Snoozecontrol/Info.plist;
				LD_RUNPATH_SEARCH_PATHS = "$(inherited) @executable_path/Frameworks";
				PRODUCT_NAME = "$(TARGET_NAME)";
				PROVISIONING_PROFILE = "";
			};
			name = Debug;
		};
		F999076219CA841900746639 /* Release */ = {
			isa = XCBuildConfiguration;
			buildSettings = {
				ASSETCATALOG_COMPILER_APPICON_NAME = AppIcon;
				ASSETCATALOG_COMPILER_LAUNCHIMAGE_NAME = LaunchImage;
				CODE_SIGN_IDENTITY = "iPhone Developer";
				"CODE_SIGN_IDENTITY[sdk=iphoneos*]" = "iPhone Developer";
				INFOPLIST_FILE = Snoozecontrol/Info.plist;
				LD_RUNPATH_SEARCH_PATHS = "$(inherited) @executable_path/Frameworks";
				PRODUCT_NAME = "$(TARGET_NAME)";
				PROVISIONING_PROFILE = "";
			};
			name = Release;
		};
		F999076419CA841900746639 /* Debug */ = {
			isa = XCBuildConfiguration;
			buildSettings = {
				BUNDLE_LOADER = "$(TEST_HOST)";
				FRAMEWORK_SEARCH_PATHS = (
					"$(SDKROOT)/Developer/Library/Frameworks",
					"$(inherited)",
				);
				GCC_PREPROCESSOR_DEFINITIONS = (
					"DEBUG=1",
					"$(inherited)",
				);
				INFOPLIST_FILE = SnoozecontrolTests/Info.plist;
				LD_RUNPATH_SEARCH_PATHS = "$(inherited) @executable_path/Frameworks @loader_path/Frameworks";
				PRODUCT_NAME = "$(TARGET_NAME)";
				TEST_HOST = "$(BUILT_PRODUCTS_DIR)/Snoozecontrol.app/Snoozecontrol";
			};
			name = Debug;
		};
		F999076519CA841900746639 /* Release */ = {
			isa = XCBuildConfiguration;
			buildSettings = {
				BUNDLE_LOADER = "$(TEST_HOST)";
				FRAMEWORK_SEARCH_PATHS = (
					"$(SDKROOT)/Developer/Library/Frameworks",
					"$(inherited)",
				);
				INFOPLIST_FILE = SnoozecontrolTests/Info.plist;
				LD_RUNPATH_SEARCH_PATHS = "$(inherited) @executable_path/Frameworks @loader_path/Frameworks";
				PRODUCT_NAME = "$(TARGET_NAME)";
				TEST_HOST = "$(BUILT_PRODUCTS_DIR)/Snoozecontrol.app/Snoozecontrol";
			};
			name = Release;
		};
/* End XCBuildConfiguration section */

/* Begin XCConfigurationList section */
		F999073B19CA841900746639 /* Build configuration list for PBXProject "Snoozecontrol" */ = {
			isa = XCConfigurationList;
			buildConfigurations = (
				F999075E19CA841900746639 /* Debug */,
				F999075F19CA841900746639 /* Release */,
			);
			defaultConfigurationIsVisible = 0;
			defaultConfigurationName = Release;
		};
		F999076019CA841900746639 /* Build configuration list for PBXNativeTarget "Snoozecontrol" */ = {
			isa = XCConfigurationList;
			buildConfigurations = (
				F999076119CA841900746639 /* Debug */,
				F999076219CA841900746639 /* Release */,
			);
			defaultConfigurationIsVisible = 0;
			defaultConfigurationName = Release;
		};
		F999076319CA841900746639 /* Build configuration list for PBXNativeTarget "SnoozecontrolTests" */ = {
			isa = XCConfigurationList;
			buildConfigurations = (
				F999076419CA841900746639 /* Debug */,
				F999076519CA841900746639 /* Release */,
			);
			defaultConfigurationIsVisible = 0;
			defaultConfigurationName = Release;
		};
/* End XCConfigurationList section */
	};
	rootObject = F999073819CA841900746639 /* Project object */;
}
